
Microsoft Visual Studio Solution File, Format Version 12.00
# Visual Studio Version 17
VisualStudioVersion = 17.0.32112.339
MinimumVisualStudioVersion = 10.0.40219.1
Project("{FAE04EC0-301F-11D3-BF4B-00C04F79EFBC}") = "DiamanteAlfabetico.ConsoleApp", "DiamanteAlfabetico.ConsoleApp\DiamanteAlfabetico.ConsoleApp.csproj", "{AAFB44A6-4AAE-48D9-A8E2-3B51BB54137E}"
EndProject
Global
	GlobalSection(SolutionConfigurationPlatforms) = preSolution
		Debug|Any CPU = Debug|Any CPU
		Release|Any CPU = Release|Any CPU
	EndGlobalSection
	GlobalSection(ProjectConfigurationPlatforms) = postSolution
		{AAFB44A6-4AAE-48D9-A8E2-3B51BB54137E}.Debug|Any CPU.ActiveCfg = Debug|Any CPU
		{AAFB44A6-4AAE-48D9-A8E2-3B51BB54137E}.Debug|Any CPU.Build.0 = Debug|Any CPU
		{AAFB44A6-4AAE-48D9-A8E2-3B51BB54137E}.Release|Any CPU.ActiveCfg = Release|Any CPU
		{AAFB44A6-4AAE-48D9-A8E2-3B51BB54137E}.Release|Any CPU.Build.0 = Release|Any CPU
	EndGlobalSection
	GlobalSection(SolutionProperties) = preSolution
		HideSolutionNode = FALSE
	EndGlobalSection
	GlobalSection(ExtensibilityGlobals) = postSolution
		SolutionGuid = {54A942AD-3FFA-4FA4-87F9-7E9453C2D3B3}
	EndGlobalSection
EndGlobal
